// !$*UTF8*$!
{
	archiveVersion = 1;
	classes = {
	};
	objectVersion = 60;
	objects = {

/* Begin PBXBuildFile section */
		EF131AF42BDB5619006D5BF6 /* StoreKitify in Frameworks */ = {isa = PBXBuildFile; productRef = EF131AF32BDB5619006D5BF6 /* StoreKitify */; };
		EF131AF52BDB67CF006D5BF6 /* StoreKit.framework in Frameworks */ = {isa = PBXBuildFile; fileRef = EFEC88CD2BD8CA97006E3D16 /* StoreKit.framework */; };
		EF74B12F2BE51516003A3557 /* Screen1.swift in Sources */ = {isa = PBXBuildFile; fileRef = EF74B12E2BE51516003A3557 /* Screen1.swift */; };
		EF74B1312BE515BF003A3557 /* Screen2.swift in Sources */ = {isa = PBXBuildFile; fileRef = EF74B1302BE515BF003A3557 /* Screen2.swift */; };
		EF74B1332BE516FC003A3557 /* Screen3.swift in Sources */ = {isa = PBXBuildFile; fileRef = EF74B1322BE516FC003A3557 /* Screen3.swift */; };
		EFEC88BF2BD8BE23006E3D16 /* WallpilatesApp.swift in Sources */ = {isa = PBXBuildFile; fileRef = EFEC88BE2BD8BE23006E3D16 /* WallpilatesApp.swift */; };
		EFEC88C12BD8BE23006E3D16 /* ContentView.swift in Sources */ = {isa = PBXBuildFile; fileRef = EFEC88C02BD8BE23006E3D16 /* ContentView.swift */; };
		EFEC88C32BD8BE25006E3D16 /* Assets.xcassets in Resources */ = {isa = PBXBuildFile; fileRef = EFEC88C22BD8BE25006E3D16 /* Assets.xcassets */; };
		EFEC88C62BD8BE25006E3D16 /* Preview Assets.xcassets in Resources */ = {isa = PBXBuildFile; fileRef = EFEC88C52BD8BE25006E3D16 /* Preview Assets.xcassets */; };
		EFEC88D12BD8CF74006E3D16 /* MyProductsIdentifiers.swift in Sources */ = {isa = PBXBuildFile; fileRef = EFEC88D02BD8CF74006E3D16 /* MyProductsIdentifiers.swift */; };
		EFEC88D32BD8CFCB006E3D16 /* WallStore.swift in Sources */ = {isa = PBXBuildFile; fileRef = EFEC88D22BD8CFCB006E3D16 /* WallStore.swift */; };
		EFEC88D52BD8D5E2006E3D16 /* WallView.swift in Sources */ = {isa = PBXBuildFile; fileRef = EFEC88D42BD8D5E2006E3D16 /* WallView.swift */; };
/* End PBXBuildFile section */

/* Begin PBXFileReference section */
		EF74B12E2BE51516003A3557 /* Screen1.swift */ = {isa = PBXFileReference; lastKnownFileType = sourcecode.swift; path = Screen1.swift; sourceTree = "<group>"; };
		EF74B1302BE515BF003A3557 /* Screen2.swift */ = {isa = PBXFileReference; lastKnownFileType = sourcecode.swift; path = Screen2.swift; sourceTree = "<group>"; };
		EF74B1322BE516FC003A3557 /* Screen3.swift */ = {isa = PBXFileReference; lastKnownFileType = sourcecode.swift; path = Screen3.swift; sourceTree = "<group>"; };
		EFEC88BB2BD8BE23006E3D16 /* Wallpilates.app */ = {isa = PBXFileReference; explicitFileType = wrapper.application; includeInIndex = 0; path = Wallpilates.app; sourceTree = BUILT_PRODUCTS_DIR; };
		EFEC88BE2BD8BE23006E3D16 /* WallpilatesApp.swift */ = {isa = PBXFileReference; lastKnownFileType = sourcecode.swift; path = WallpilatesApp.swift; sourceTree = "<group>"; };
		EFEC88C02BD8BE23006E3D16 /* ContentView.swift */ = {isa = PBXFileReference; lastKnownFileType = sourcecode.swift; path = ContentView.swift; sourceTree = "<group>"; };
		EFEC88C22BD8BE25006E3D16 /* Assets.xcassets */ = {isa = PBXFileReference; lastKnownFileType = folder.assetcatalog; path = Assets.xcassets; sourceTree = "<group>"; };
		EFEC88C52BD8BE25006E3D16 /* Preview Assets.xcassets */ = {isa = PBXFileReference; lastKnownFileType = folder.assetcatalog; path = "Preview Assets.xcassets"; sourceTree = "<group>"; };
		EFEC88CD2BD8CA97006E3D16 /* StoreKit.framework */ = {isa = PBXFileReference; lastKnownFileType = wrapper.framework; name = StoreKit.framework; path = System/Library/Frameworks/StoreKit.framework; sourceTree = SDKROOT; };
		EFEC88D02BD8CF74006E3D16 /* MyProductsIdentifiers.swift */ = {isa = PBXFileReference; lastKnownFileType = sourcecode.swift; path = MyProductsIdentifiers.swift; sourceTree = "<group>"; };
		EFEC88D22BD8CFCB006E3D16 /* WallStore.swift */ = {isa = PBXFileReference; lastKnownFileType = sourcecode.swift; path = WallStore.swift; sourceTree = "<group>"; };
		EFEC88D42BD8D5E2006E3D16 /* WallView.swift */ = {isa = PBXFileReference; lastKnownFileType = sourcecode.swift; path = WallView.swift; sourceTree = "<group>"; };
/* End PBXFileReference section */

/* Begin PBXFrameworksBuildPhase section */
		EFEC88B82BD8BE23006E3D16 /* Frameworks */ = {
			isa = PBXFrameworksBuildPhase;
			buildActionMask = 2147483647;
			files = (
				EF131AF42BDB5619006D5BF6 /* StoreKitify in Frameworks */,
				EF131AF52BDB67CF006D5BF6 /* StoreKit.framework in Frameworks */,
			);
			runOnlyForDeploymentPostprocessing = 0;
		};
/* End PBXFrameworksBuildPhase section */

/* Begin PBXGroup section */
		EFEC88B22BD8BE23006E3D16 = {
			isa = PBXGroup;
			children = (
				EFEC88BD2BD8BE23006E3D16 /* Wallpilates */,
				EFEC88BC2BD8BE23006E3D16 /* Products */,
				EFEC88CC2BD8CA97006E3D16 /* Frameworks */,
			);
			sourceTree = "<group>";
		};
		EFEC88BC2BD8BE23006E3D16 /* Products */ = {
			isa = PBXGroup;
			children = (
				EFEC88BB2BD8BE23006E3D16 /* Wallpilates.app */,
			);
			name = Products;
			sourceTree = "<group>";
		};
		EFEC88BD2BD8BE23006E3D16 /* Wallpilates */ = {
			isa = PBXGroup;
			children = (
				EFEC88BE2BD8BE23006E3D16 /* WallpilatesApp.swift */,
				EFEC88C02BD8BE23006E3D16 /* ContentView.swift */,
				EF74B12E2BE51516003A3557 /* Screen1.swift */,
				EF74B1302BE515BF003A3557 /* Screen2.swift */,
				EF74B1322BE516FC003A3557 /* Screen3.swift */,
				EFEC88D42BD8D5E2006E3D16 /* WallView.swift */,
				EFEC88D02BD8CF74006E3D16 /* MyProductsIdentifiers.swift */,
				EFEC88D22BD8CFCB006E3D16 /* WallStore.swift */,
				EFEC88C22BD8BE25006E3D16 /* Assets.xcassets */,
				EFEC88C42BD8BE25006E3D16 /* Preview Content */,
			);
			path = Wallpilates;
			sourceTree = "<group>";
		};
		EFEC88C42BD8BE25006E3D16 /* Preview Content */ = {
			isa = PBXGroup;
			children = (
				EFEC88C52BD8BE25006E3D16 /* Preview Assets.xcassets */,
			);
			path = "Preview Content";
			sourceTree = "<group>";
		};
		EFEC88CC2BD8CA97006E3D16 /* Frameworks */ = {
			isa = PBXGroup;
			children = (
				EFEC88CD2BD8CA97006E3D16 /* StoreKit.framework */,
			);
			name = Frameworks;
			sourceTree = "<group>";
		};
/* End PBXGroup section */

/* Begin PBXNativeTarget section */
		EFEC88BA2BD8BE23006E3D16 /* Wallpilates */ = {
			isa = PBXNativeTarget;
			buildConfigurationList = EFEC88C92BD8BE25006E3D16 /* Build configuration list for PBXNativeTarget "Wallpilates" */;
			buildPhases = (
				EFEC88B72BD8BE23006E3D16 /* Sources */,
				EFEC88B82BD8BE23006E3D16 /* Frameworks */,
				EFEC88B92BD8BE23006E3D16 /* Resources */,
			);
			buildRules = (
			);
			dependencies = (
			);
			name = Wallpilates;
			packageProductDependencies = (
				EF131AF32BDB5619006D5BF6 /* StoreKitify */,
			);
			productName = Wallpilates;
			productReference = EFEC88BB2BD8BE23006E3D16 /* Wallpilates.app */;
			productType = "com.apple.product-type.application";
		};
/* End PBXNativeTarget section */

/* Begin PBXProject section */
		EFEC88B32BD8BE23006E3D16 /* Project object */ = {
			isa = PBXProject;
			attributes = {
				BuildIndependentTargetsInParallel = 1;
				LastSwiftUpdateCheck = 1530;
				LastUpgradeCheck = 1530;
				TargetAttributes = {
					EFEC88BA2BD8BE23006E3D16 = {
						CreatedOnToolsVersion = 15.3;
					};
				};
			};
			buildConfigurationList = EFEC88B62BD8BE23006E3D16 /* Build configuration list for PBXProject "Wallpilates" */;
			compatibilityVersion = "Xcode 14.0";
			developmentRegion = en;
			hasScannedForEncodings = 0;
			knownRegions = (
				en,
				Base,
			);
			mainGroup = EFEC88B22BD8BE23006E3D16;
			packageReferences = (
				EF131AF22BDB5619006D5BF6 /* XCLocalSwiftPackageReference "../../../Packages/StoreKitify" */,
			);
			productRefGroup = EFEC88BC2BD8BE23006E3D16 /* Products */;
			projectDirPath = "";
			projectRoot = "";
			targets = (
				EFEC88BA2BD8BE23006E3D16 /* Wallpilates */,
			);
		};
/* End PBXProject section */

/* Begin PBXResourcesBuildPhase section */
		EFEC88B92BD8BE23006E3D16 /* Resources */ = {
			isa = PBXResourcesBuildPhase;
			buildActionMask = 2147483647;
			files = (
				EFEC88C62BD8BE25006E3D16 /* Preview Assets.xcassets in Resources */,
				EFEC88C32BD8BE25006E3D16 /* Assets.xcassets in Resources */,
			);
			runOnlyForDeploymentPostprocessing = 0;
		};
/* End PBXResourcesBuildPhase section */

/* Begin PBXSourcesBuildPhase section */
		EFEC88B72BD8BE23006E3D16 /* Sources */ = {
			isa = PBXSourcesBuildPhase;
			buildActionMask = 2147483647;
			files = (
				EFEC88C12BD8BE23006E3D16 /* ContentView.swift in Sources */,
				EFEC88D12BD8CF74006E3D16 /* MyProductsIdentifiers.swift in Sources */,
				EFEC88D52BD8D5E2006E3D16 /* WallView.swift in Sources */,
				EF74B1332BE516FC003A3557 /* Screen3.swift in Sources */,
				EF74B1312BE515BF003A3557 /* Screen2.swift in Sources */,
				EF74B12F2BE51516003A3557 /* Screen1.swift in Sources */,
				EFEC88BF2BD8BE23006E3D16 /* WallpilatesApp.swift in Sources */,
				EFEC88D32BD8CFCB006E3D16 /* WallStore.swift in Sources */,
			);
			runOnlyForDeploymentPostprocessing = 0;
		};
/* End PBXSourcesBuildPhase section */

/* Begin XCBuildConfiguration section */
		EFEC88C72BD8BE25006E3D16 /* Debug */ = {
			isa = XCBuildConfiguration;
			buildSettings = {
				ALWAYS_SEARCH_USER_PATHS = NO;
				ASSETCATALOG_COMPILER_GENERATE_SWIFT_ASSET_SYMBOL_EXTENSIONS = YES;
				CLANG_ANALYZER_NONNULL = YES;
				CLANG_ANALYZER_NUMBER_OBJECT_CONVERSION = YES_AGGRESSIVE;
				CLANG_CXX_LANGUAGE_STANDARD = "gnu++20";
				CLANG_ENABLE_MODULES = YES;
				CLANG_ENABLE_OBJC_ARC = YES;
				CLANG_ENABLE_OBJC_WEAK = YES;
				CLANG_WARN_BLOCK_CAPTURE_AUTORELEASING = YES;
				CLANG_WARN_BOOL_CONVERSION = YES;
				CLANG_WARN_COMMA = YES;
				CLANG_WARN_CONSTANT_CONVERSION = YES;
				CLANG_WARN_DEPRECATED_OBJC_IMPLEMENTATIONS = YES;
				CLANG_WARN_DIRECT_OBJC_ISA_USAGE = YES_ERROR;
				CLANG_WARN_DOCUMENTATION_COMMENTS = YES;
				CLANG_WARN_EMPTY_BODY = YES;
				CLANG_WARN_ENUM_CONVERSION = YES;
				CLANG_WARN_INFINITE_RECURSION = YES;
				CLANG_WARN_INT_CONVERSION = YES;
				CLANG_WARN_NON_LITERAL_NULL_CONVERSION = YES;
				CLANG_WARN_OBJC_IMPLICIT_RETAIN_SELF = YES;
				CLANG_WARN_OBJC_LITERAL_CONVERSION = YES;
				CLANG_WARN_OBJC_ROOT_CLASS = YES_ERROR;
				CLANG_WARN_QUOTED_INCLUDE_IN_FRAMEWORK_HEADER = YES;
				CLANG_WARN_RANGE_LOOP_ANALYSIS = YES;
				CLANG_WARN_STRICT_PROTOTYPES = YES;
				CLANG_WARN_SUSPICIOUS_MOVE = YES;
				CLANG_WARN_UNGUARDED_AVAILABILITY = YES_AGGRESSIVE;
				CLANG_WARN_UNREACHABLE_CODE = YES;
				CLANG_WARN__DUPLICATE_METHOD_MATCH = YES;
				COPY_PHASE_STRIP = NO;
				DEBUG_INFORMATION_FORMAT = dwarf;
				ENABLE_STRICT_OBJC_MSGSEND = YES;
				ENABLE_TESTABILITY = YES;
				ENABLE_USER_SCRIPT_SANDBOXING = YES;
				GCC_C_LANGUAGE_STANDARD = gnu17;
				GCC_DYNAMIC_NO_PIC = NO;
				GCC_NO_COMMON_BLOCKS = YES;
				GCC_OPTIMIZATION_LEVEL = 0;
				GCC_PREPROCESSOR_DEFINITIONS = (
					"DEBUG=1",
					"$(inherited)",
				);
				GCC_WARN_64_TO_32_BIT_CONVERSION = YES;
				GCC_WARN_ABOUT_RETURN_TYPE = YES_ERROR;
				GCC_WARN_UNDECLARED_SELECTOR = YES;
				GCC_WARN_UNINITIALIZED_AUTOS = YES_AGGRESSIVE;
				GCC_WARN_UNUSED_FUNCTION = YES;
				GCC_WARN_UNUSED_VARIABLE = YES;
				IPHONEOS_DEPLOYMENT_TARGET = 17.4;
				LOCALIZATION_PREFERS_STRING_CATALOGS = YES;
				MTL_ENABLE_DEBUG_INFO = INCLUDE_SOURCE;
				MTL_FAST_MATH = YES;
				ONLY_ACTIVE_ARCH = YES;
				SDKROOT = iphoneos;
				SWIFT_ACTIVE_COMPILATION_CONDITIONS = "DEBUG $(inherited)";
				SWIFT_OPTIMIZATION_LEVEL = "-Onone";
			};
			name = Debug;
		};
		EFEC88C82BD8BE25006E3D16 /* Release */ = {
			isa = XCBuildConfiguration;
			buildSettings = {
				ALWAYS_SEARCH_USER_PATHS = NO;
				ASSETCATALOG_COMPILER_GENERATE_SWIFT_ASSET_SYMBOL_EXTENSIONS = YES;
				CLANG_ANALYZER_NONNULL = YES;
				CLANG_ANALYZER_NUMBER_OBJECT_CONVERSION = YES_AGGRESSIVE;
				CLANG_CXX_LANGUAGE_STANDARD = "gnu++20";
				CLANG_ENABLE_MODULES = YES;
				CLANG_ENABLE_OBJC_ARC = YES;
				CLANG_ENABLE_OBJC_WEAK = YES;
				CLANG_WARN_BLOCK_CAPTURE_AUTORELEASING = YES;
				CLANG_WARN_BOOL_CONVERSION = YES;
				CLANG_WARN_COMMA = YES;
				CLANG_WARN_CONSTANT_CONVERSION = YES;
				CLANG_WARN_DEPRECATED_OBJC_IMPLEMENTATIONS = YES;
				CLANG_WARN_DIRECT_OBJC_ISA_USAGE = YES_ERROR;
				CLANG_WARN_DOCUMENTATION_COMMENTS = YES;
				CLANG_WARN_EMPTY_BODY = YES;
				CLANG_WARN_ENUM_CONVERSION = YES;
				CLANG_WARN_INFINITE_RECURSION = YES;
				CLANG_WARN_INT_CONVERSION = YES;
				CLANG_WARN_NON_LITERAL_NULL_CONVERSION = YES;
				CLANG_WARN_OBJC_IMPLICIT_RETAIN_SELF = YES;
				CLANG_WARN_OBJC_LITERAL_CONVERSION = YES;
				CLANG_WARN_OBJC_ROOT_CLASS = YES_ERROR;
				CLANG_WARN_QUOTED_INCLUDE_IN_FRAMEWORK_HEADER = YES;
				CLANG_WARN_RANGE_LOOP_ANALYSIS = YES;
				CLANG_WARN_STRICT_PROTOTYPES = YES;
				CLANG_WARN_SUSPICIOUS_MOVE = YES;
				CLANG_WARN_UNGUARDED_AVAILABILITY = YES_AGGRESSIVE;
				CLANG_WARN_UNREACHABLE_CODE = YES;
				CLANG_WARN__DUPLICATE_METHOD_MATCH = YES;
				COPY_PHASE_STRIP = NO;
				DEBUG_INFORMATION_FORMAT = "dwarf-with-dsym";
				ENABLE_NS_ASSERTIONS = NO;
				ENABLE_STRICT_OBJC_MSGSEND = YES;
				ENABLE_USER_SCRIPT_SANDBOXING = YES;
				GCC_C_LANGUAGE_STANDARD = gnu17;
				GCC_NO_COMMON_BLOCKS = YES;
				GCC_WARN_64_TO_32_BIT_CONVERSION = YES;
				GCC_WARN_ABOUT_RETURN_TYPE = YES_ERROR;
				GCC_WARN_UNDECLARED_SELECTOR = YES;
				GCC_WARN_UNINITIALIZED_AUTOS = YES_AGGRESSIVE;
				GCC_WARN_UNUSED_FUNCTION = YES;
				GCC_WARN_UNUSED_VARIABLE = YES;
				IPHONEOS_DEPLOYMENT_TARGET = 17.4;
				LOCALIZATION_PREFERS_STRING_CATALOGS = YES;
				MTL_ENABLE_DEBUG_INFO = NO;
				MTL_FAST_MATH = YES;
				SDKROOT = iphoneos;
				SWIFT_COMPILATION_MODE = wholemodule;
				VALIDATE_PRODUCT = YES;
			};
			name = Release;
		};
		EFEC88CA2BD8BE25006E3D16 /* Debug */ = {
			isa = XCBuildConfiguration;
			buildSettings = {
				ASSETCATALOG_COMPILER_APPICON_NAME = AppIcon;
				ASSETCATALOG_COMPILER_GLOBAL_ACCENT_COLOR_NAME = AccentColor;
				CODE_SIGN_STYLE = Automatic;
				CURRENT_PROJECT_VERSION = 1;
				DEVELOPMENT_ASSET_PATHS = "\"Wallpilates/Preview Content\"";
				DEVELOPMENT_TEAM = 3F7WUS6BV4;
				ENABLE_PREVIEWS = YES;
				GENERATE_INFOPLIST_FILE = YES;
				INFOPLIST_KEY_UIApplicationSceneManifest_Generation = YES;
				INFOPLIST_KEY_UIApplicationSupportsIndirectInputEvents = YES;
				INFOPLIST_KEY_UILaunchScreen_Generation = YES;
				INFOPLIST_KEY_UISupportedInterfaceOrientations_iPad = "UIInterfaceOrientationPortrait UIInterfaceOrientationPortraitUpsideDown UIInterfaceOrientationLandscapeLeft UIInterfaceOrientationLandscapeRight";
				INFOPLIST_KEY_UISupportedInterfaceOrientations_iPhone = "UIInterfaceOrientationPortrait UIInterfaceOrientationLandscapeLeft UIInterfaceOrientationLandscapeRight";
				LD_RUNPATH_SEARCH_PATHS = (
					"$(inherited)",
					"@executable_path/Frameworks",
				);
				MARKETING_VERSION = 1.0;
				PRODUCT_BUNDLE_IDENTIFIER = com.kaki.health.fitee;
				PRODUCT_NAME = "$(TARGET_NAME)";
				SWIFT_EMIT_LOC_STRINGS = YES;
				SWIFT_VERSION = 5.0;
				TARGETED_DEVICE_FAMILY = "1,2";
			};
			name = Debug;
		};
		EFEC88CB2BD8BE25006E3D16 /* Release */ = {
			isa = XCBuildConfiguration;
			buildSettings = {
				ASSETCATALOG_COMPILER_APPICON_NAME = AppIcon;
				ASSETCATALOG_COMPILER_GLOBAL_ACCENT_COLOR_NAME = AccentColor;
				CODE_SIGN_STYLE = Automatic;
				CURRENT_PROJECT_VERSION = 1;
				DEVELOPMENT_ASSET_PATHS = "\"Wallpilates/Preview Content\"";
				DEVELOPMENT_TEAM = 3F7WUS6BV4;
				ENABLE_PREVIEWS = YES;
				GENERATE_INFOPLIST_FILE = YES;
				INFOPLIST_KEY_UIApplicationSceneManifest_Generation = YES;
				INFOPLIST_KEY_UIApplicationSupportsIndirectInputEvents = YES;
				INFOPLIST_KEY_UILaunchScreen_Generation = YES;
				INFOPLIST_KEY_UISupportedInterfaceOrientations_iPad = "UIInterfaceOrientationPortrait UIInterfaceOrientationPortraitUpsideDown UIInterfaceOrientationLandscapeLeft UIInterfaceOrientationLandscapeRight";
				INFOPLIST_KEY_UISupportedInterfaceOrientations_iPhone = "UIInterfaceOrientationPortrait UIInterfaceOrientationLandscapeLeft UIInterfaceOrientationLandscapeRight";
				LD_RUNPATH_SEARCH_PATHS = (
					"$(inherited)",
					"@executable_path/Frameworks",
				);
				MARKETING_VERSION = 1.0;
				PRODUCT_BUNDLE_IDENTIFIER = com.kaki.health.fitee;
				PRODUCT_NAME = "$(TARGET_NAME)";
				SWIFT_EMIT_LOC_STRINGS = YES;
				SWIFT_VERSION = 5.0;
				TARGETED_DEVICE_FAMILY = "1,2";
			};
			name = Release;
		};
/* End XCBuildConfiguration section */

/* Begin XCConfigurationList section */
		EFEC88B62BD8BE23006E3D16 /* Build configuration list for PBXProject "Wallpilates" */ = {
			isa = XCConfigurationList;
			buildConfigurations = (
				EFEC88C72BD8BE25006E3D16 /* Debug */,
				EFEC88C82BD8BE25006E3D16 /* Release */,
			);
			defaultConfigurationIsVisible = 0;
			defaultConfigurationName = Release;
		};
		EFEC88C92BD8BE25006E3D16 /* Build configuration list for PBXNativeTarget "Wallpilates" */ = {
			isa = XCConfigurationList;
			buildConfigurations = (
				EFEC88CA2BD8BE25006E3D16 /* Debug */,
				EFEC88CB2BD8BE25006E3D16 /* Release */,
			);
			defaultConfigurationIsVisible = 0;
			defaultConfigurationName = Release;
		};
/* End XCConfigurationList section */

/* Begin XCLocalSwiftPackageReference section */
		EF131AF22BDB5619006D5BF6 /* XCLocalSwiftPackageReference "../../../Packages/StoreKitify" */ = {
			isa = XCLocalSwiftPackageReference;
			relativePath = ../../../Packages/StoreKitify;
		};
/* End XCLocalSwiftPackageReference section */

/* Begin XCSwiftPackageProductDependency section */
		EF131AF32BDB5619006D5BF6 /* StoreKitify */ = {
			isa = XCSwiftPackageProductDependency;
			productName = StoreKitify;
		};
/* End XCSwiftPackageProductDependency section */
	};
	rootObject = EFEC88B32BD8BE23006E3D16 /* Project object */;
}
